// !$*UTF8*$!
{
	archiveVersion = 1;
	classes = {
	};
	objectVersion = 46;
	objects = {

/* Begin PBXBuildFile section */
		C22B58A71E0DBB5700775698 /* fav_cell_selected.png in Resources */ = {isa = PBXBuildFile; fileRef = C22B58A61E0DBB5700775698 /* fav_cell_selected.png */; };
		C23C4A291E0D34B300EC22FF /* fork.png in Resources */ = {isa = PBXBuildFile; fileRef = C23C4A271E0D34B300EC22FF /* fork.png */; };
		C23C4A2E1E0D374100EC22FF /* code.png in Resources */ = {isa = PBXBuildFile; fileRef = C23C4A2B1E0D374100EC22FF /* code.png */; };
		C23C4A301E0D374100EC22FF /* star.png in Resources */ = {isa = PBXBuildFile; fileRef = C23C4A2D1E0D374100EC22FF /* star.png */; };
		C23C4A331E0D37B100EC22FF /* fav.png in Resources */ = {isa = PBXBuildFile; fileRef = C23C4A311E0D37B100EC22FF /* fav.png */; };
		C23C4A341E0D37B100EC22FF /* fav_selected.png in Resources */ = {isa = PBXBuildFile; fileRef = C23C4A321E0D37B100EC22FF /* fav_selected.png */; };
		C2472C3F1E11737A00C1F1BB /* menu.png in Resources */ = {isa = PBXBuildFile; fileRef = C2472C3E1E11737A00C1F1BB /* menu.png */; };
		C2472C451E117F9700C1F1BB /* MenuView.m in Sources */ = {isa = PBXBuildFile; fileRef = C2472C431E117F9700C1F1BB /* MenuView.m */; };
		C2472C461E117F9700C1F1BB /* MenuView.xib in Resources */ = {isa = PBXBuildFile; fileRef = C2472C441E117F9700C1F1BB /* MenuView.xib */; };
		C2472C4B1E118F6D00C1F1BB /* CboDataMODEL.m in Sources */ = {isa = PBXBuildFile; fileRef = C2472C4A1E118F6D00C1F1BB /* CboDataMODEL.m */; };
		C2472C531E118F7C00C1F1BB /* downArrow.png in Resources */ = {isa = PBXBuildFile; fileRef = C2472C4C1E118F7C00C1F1BB /* downArrow.png */; };
		C2472C541E118F7C00C1F1BB /* downArrow@2x.png in Resources */ = {isa = PBXBuildFile; fileRef = C2472C4D1E118F7C00C1F1BB /* downArrow@2x.png */; };
		C2472C551E118F7C00C1F1BB /* downArrow@3x.png in Resources */ = {isa = PBXBuildFile; fileRef = C2472C4E1E118F7C00C1F1BB /* downArrow@3x.png */; };
		C2472C561E118F7C00C1F1BB /* DownPicker.m in Sources */ = {isa = PBXBuildFile; fileRef = C2472C501E118F7C00C1F1BB /* DownPicker.m */; };
		C2472C571E118F7C00C1F1BB /* UIDownPicker.m in Sources */ = {isa = PBXBuildFile; fileRef = C2472C521E118F7C00C1F1BB /* UIDownPicker.m */; };
		C2472C5C1E118FA400C1F1BB /* VisionPicker.m in Sources */ = {isa = PBXBuildFile; fileRef = C2472C5B1E118FA400C1F1BB /* VisionPicker.m */; };
		C2472C631E11A94000C1F1BB /* RepoPageViewController.m in Sources */ = {isa = PBXBuildFile; fileRef = C2472C5F1E11A94000C1F1BB /* RepoPageViewController.m */; };
		C2472C641E11A94000C1F1BB /* RepoPageViewController.xib in Resources */ = {isa = PBXBuildFile; fileRef = C2472C601E11A94000C1F1BB /* RepoPageViewController.xib */; };
		C2472C651E11A94000C1F1BB /* Repository.m in Sources */ = {isa = PBXBuildFile; fileRef = C2472C621E11A94000C1F1BB /* Repository.m */; };
		C2472C6D1E11A98C00C1F1BB /* FavoriteViewController.m in Sources */ = {isa = PBXBuildFile; fileRef = C2472C681E11A98C00C1F1BB /* FavoriteViewController.m */; };
		C2472C6E1E11A98C00C1F1BB /* ResultViewCell.m in Sources */ = {isa = PBXBuildFile; fileRef = C2472C6A1E11A98C00C1F1BB /* ResultViewCell.m */; };
		C2472C6F1E11A98C00C1F1BB /* SearchViewController.m in Sources */ = {isa = PBXBuildFile; fileRef = C2472C6C1E11A98C00C1F1BB /* SearchViewController.m */; };
		C2472C731E11CCEE00C1F1BB /* Assets.xcassets in Resources */ = {isa = PBXBuildFile; fileRef = C2472C721E11CCEE00C1F1BB /* Assets.xcassets */; };
		C2472C751E11E89000C1F1BB /* menu_selected.png in Resources */ = {isa = PBXBuildFile; fileRef = C2472C741E11E89000C1F1BB /* menu_selected.png */; };
		C25C6E6E1E0D7E6B00273F77 /* Main.storyboard in Resources */ = {isa = PBXBuildFile; fileRef = C25C6E6C1E0D7E6B00273F77 /* Main.storyboard */; };
		C25C6E781E0D8D7300273F77 /* copy.png in Resources */ = {isa = PBXBuildFile; fileRef = C25C6E741E0D8D7300273F77 /* copy.png */; };
		C25C6E791E0D8D7300273F77 /* copy_selected.png in Resources */ = {isa = PBXBuildFile; fileRef = C25C6E751E0D8D7300273F77 /* copy_selected.png */; };
		C25C6E7A1E0D8D7300273F77 /* heart.png in Resources */ = {isa = PBXBuildFile; fileRef = C25C6E761E0D8D7300273F77 /* heart.png */; };
		C25C6E7B1E0D8D7300273F77 /* search.png in Resources */ = {isa = PBXBuildFile; fileRef = C25C6E771E0D8D7300273F77 /* search.png */; };
		C25C6E7D1E0D9CD400273F77 /* fav_cell.png in Resources */ = {isa = PBXBuildFile; fileRef = C25C6E7C1E0D9CD400273F77 /* fav_cell.png */; };
		C28F21C41E0AA63600D2E135 /* main.m in Sources */ = {isa = PBXBuildFile; fileRef = C28F21C31E0AA63600D2E135 /* main.m */; };
		C28F21C71E0AA63600D2E135 /* AppDelegate.m in Sources */ = {isa = PBXBuildFile; fileRef = C28F21C61E0AA63600D2E135 /* AppDelegate.m */; };
		C28F21D51E0AA63600D2E135 /* LaunchScreen.storyboard in Resources */ = {isa = PBXBuildFile; fileRef = C28F21D31E0AA63600D2E135 /* LaunchScreen.storyboard */; };
		C28F21E01E0AA63600D2E135 /* RepoSearchTests.m in Sources */ = {isa = PBXBuildFile; fileRef = C28F21DF1E0AA63600D2E135 /* RepoSearchTests.m */; };
		C28F21EB1E0AA63600D2E135 /* RepoSearchUITests.m in Sources */ = {isa = PBXBuildFile; fileRef = C28F21EA1E0AA63600D2E135 /* RepoSearchUITests.m */; };
		C28F21FD1E0AA6FE00D2E135 /* icon.png in Resources */ = {isa = PBXBuildFile; fileRef = C28F21FB1E0AA6FE00D2E135 /* icon.png */; };
		C28F21FE1E0AA6FE00D2E135 /* logo.png in Resources */ = {isa = PBXBuildFile; fileRef = C28F21FC1E0AA6FE00D2E135 /* logo.png */; };
/* End PBXBuildFile section */

/* Begin PBXContainerItemProxy section */
		C28F21DC1E0AA63600D2E135 /* PBXContainerItemProxy */ = {
			isa = PBXContainerItemProxy;
			containerPortal = C28F21B71E0AA63600D2E135 /* Project object */;
			proxyType = 1;
			remoteGlobalIDString = C28F21BE1E0AA63600D2E135;
			remoteInfo = RepoSearch;
		};
		C28F21E71E0AA63600D2E135 /* PBXContainerItemProxy */ = {
			isa = PBXContainerItemProxy;
			containerPortal = C28F21B71E0AA63600D2E135 /* Project object */;
			proxyType = 1;
			remoteGlobalIDString = C28F21BE1E0AA63600D2E135;
			remoteInfo = RepoSearch;
		};
/* End PBXContainerItemProxy section */

/* Begin PBXFileReference section */
		C22B58A61E0DBB5700775698 /* fav_cell_selected.png */ = {isa = PBXFileReference; lastKnownFileType = image.png; name = fav_cell_selected.png; path = RepoSearch/images/view/fav_cell_selected.png; sourceTree = "<group>"; };
		C23C4A271E0D34B300EC22FF /* fork.png */ = {isa = PBXFileReference; lastKnownFileType = image.png; name = fork.png; path = RepoSearch/images/view/fork.png; sourceTree = "<group>"; };
		C23C4A2B1E0D374100EC22FF /* code.png */ = {isa = PBXFileReference; lastKnownFileType = image.png; name = code.png; path = RepoSearch/images/view/code.png; sourceTree = "<group>"; };
		C23C4A2D1E0D374100EC22FF /* star.png */ = {isa = PBXFileReference; lastKnownFileType = image.png; name = star.png; path = RepoSearch/images/view/star.png; sourceTree = "<group>"; };
		C23C4A311E0D37B100EC22FF /* fav.png */ = {isa = PBXFileReference; lastKnownFileType = image.png; name = fav.png; path = RepoSearch/images/view/fav.png; sourceTree = "<group>"; };
		C23C4A321E0D37B100EC22FF /* fav_selected.png */ = {isa = PBXFileReference; lastKnownFileType = image.png; name = fav_selected.png; path = RepoSearch/images/view/fav_selected.png; sourceTree = "<group>"; };
		C2472C3E1E11737A00C1F1BB /* menu.png */ = {isa = PBXFileReference; lastKnownFileType = image.png; name = menu.png; path = RepoSearch/images/view/menu.png; sourceTree = "<group>"; };
		C2472C421E117F9700C1F1BB /* MenuView.h */ = {isa = PBXFileReference; fileEncoding = 4; lastKnownFileType = sourcecode.c.h; name = MenuView.h; path = MenuView/MenuView.h; sourceTree = "<group>"; };
		C2472C431E117F9700C1F1BB /* MenuView.m */ = {isa = PBXFileReference; fileEncoding = 4; lastKnownFileType = sourcecode.c.objc; name = MenuView.m; path = MenuView/MenuView.m; sourceTree = "<group>"; };
		C2472C441E117F9700C1F1BB /* MenuView.xib */ = {isa = PBXFileReference; fileEncoding = 4; lastKnownFileType = file.xib; name = MenuView.xib; path = MenuView/MenuView.xib; sourceTree = "<group>"; };
		C2472C491E118F6D00C1F1BB /* CboDataMODEL.h */ = {isa = PBXFileReference; fileEncoding = 4; lastKnownFileType = sourcecode.c.h; name = CboDataMODEL.h; path = VisionControl/Model/CboDataMODEL.h; sourceTree = "<group>"; };
		C2472C4A1E118F6D00C1F1BB /* CboDataMODEL.m */ = {isa = PBXFileReference; fileEncoding = 4; lastKnownFileType = sourcecode.c.objc; name = CboDataMODEL.m; path = VisionControl/Model/CboDataMODEL.m; sourceTree = "<group>"; };
		C2472C4C1E118F7C00C1F1BB /* downArrow.png */ = {isa = PBXFileReference; lastKnownFileType = image.png; name = downArrow.png; path = VisionControl/VisionPicker/DownPicker/downArrow.png; sourceTree = "<group>"; };
		C2472C4D1E118F7C00C1F1BB /* downArrow@2x.png */ = {isa = PBXFileReference; lastKnownFileType = image.png; name = "downArrow@2x.png"; path = "VisionControl/VisionPicker/DownPicker/downArrow@2x.png"; sourceTree = "<group>"; };
		C2472C4E1E118F7C00C1F1BB /* downArrow@3x.png */ = {isa = PBXFileReference; lastKnownFileType = image.png; name = "downArrow@3x.png"; path = "VisionControl/VisionPicker/DownPicker/downArrow@3x.png"; sourceTree = "<group>"; };
		C2472C4F1E118F7C00C1F1BB /* DownPicker.h */ = {isa = PBXFileReference; fileEncoding = 4; lastKnownFileType = sourcecode.c.h; name = DownPicker.h; path = VisionControl/VisionPicker/DownPicker/DownPicker.h; sourceTree = "<group>"; };
		C2472C501E118F7C00C1F1BB /* DownPicker.m */ = {isa = PBXFileReference; fileEncoding = 4; lastKnownFileType = sourcecode.c.objc; name = DownPicker.m; path = VisionControl/VisionPicker/DownPicker/DownPicker.m; sourceTree = "<group>"; };
		C2472C511E118F7C00C1F1BB /* UIDownPicker.h */ = {isa = PBXFileReference; fileEncoding = 4; lastKnownFileType = sourcecode.c.h; name = UIDownPicker.h; path = VisionControl/VisionPicker/DownPicker/UIDownPicker.h; sourceTree = "<group>"; };
		C2472C521E118F7C00C1F1BB /* UIDownPicker.m */ = {isa = PBXFileReference; fileEncoding = 4; lastKnownFileType = sourcecode.c.objc; name = UIDownPicker.m; path = VisionControl/VisionPicker/DownPicker/UIDownPicker.m; sourceTree = "<group>"; };
		C2472C5A1E118FA400C1F1BB /* VisionPicker.h */ = {isa = PBXFileReference; fileEncoding = 4; lastKnownFileType = sourcecode.c.h; name = VisionPicker.h; path = VisionControl/VisionPicker/VisionPicker.h; sourceTree = "<group>"; };
		C2472C5B1E118FA400C1F1BB /* VisionPicker.m */ = {isa = PBXFileReference; fileEncoding = 4; lastKnownFileType = sourcecode.c.objc; name = VisionPicker.m; path = VisionControl/VisionPicker/VisionPicker.m; sourceTree = "<group>"; };
		C2472C5E1E11A94000C1F1BB /* RepoPageViewController.h */ = {isa = PBXFileReference; fileEncoding = 4; lastKnownFileType = sourcecode.c.h; name = RepoPageViewController.h; path = Repository/RepoPageViewController.h; sourceTree = "<group>"; };
		C2472C5F1E11A94000C1F1BB /* RepoPageViewController.m */ = {isa = PBXFileReference; fileEncoding = 4; lastKnownFileType = sourcecode.c.objc; name = RepoPageViewController.m; path = Repository/RepoPageViewController.m; sourceTree = "<group>"; };
		C2472C601E11A94000C1F1BB /* RepoPageViewController.xib */ = {isa = PBXFileReference; fileEncoding = 4; lastKnownFileType = file.xib; name = RepoPageViewController.xib; path = Repository/RepoPageViewController.xib; sourceTree = "<group>"; };
		C2472C611E11A94000C1F1BB /* Repository.h */ = {isa = PBXFileReference; fileEncoding = 4; lastKnownFileType = sourcecode.c.h; name = Repository.h; path = Repository/Repository.h; sourceTree = "<group>"; };
		C2472C621E11A94000C1F1BB /* Repository.m */ = {isa = PBXFileReference; fileEncoding = 4; lastKnownFileType = sourcecode.c.objc; name = Repository.m; path = Repository/Repository.m; sourceTree = "<group>"; };
		C2472C671E11A98C00C1F1BB /* FavoriteViewController.h */ = {isa = PBXFileReference; fileEncoding = 4; lastKnownFileType = sourcecode.c.h; name = FavoriteViewController.h; path = Search/FavoriteViewController.h; sourceTree = "<group>"; };
		C2472C681E11A98C00C1F1BB /* FavoriteViewController.m */ = {isa = PBXFileReference; fileEncoding = 4; lastKnownFileType = sourcecode.c.objc; name = FavoriteViewController.m; path = Search/FavoriteViewController.m; sourceTree = "<group>"; };
		C2472C691E11A98C00C1F1BB /* ResultViewCell.h */ = {isa = PBXFileReference; fileEncoding = 4; lastKnownFileType = sourcecode.c.h; name = ResultViewCell.h; path = Search/ResultViewCell.h; sourceTree = "<group>"; };
		C2472C6A1E11A98C00C1F1BB /* ResultViewCell.m */ = {isa = PBXFileReference; fileEncoding = 4; lastKnownFileType = sourcecode.c.objc; name = ResultViewCell.m; path = Search/ResultViewCell.m; sourceTree = "<group>"; };
		C2472C6B1E11A98C00C1F1BB /* SearchViewController.h */ = {isa = PBXFileReference; fileEncoding = 4; lastKnownFileType = sourcecode.c.h; name = SearchViewController.h; path = Search/SearchViewController.h; sourceTree = "<group>"; };
		C2472C6C1E11A98C00C1F1BB /* SearchViewController.m */ = {isa = PBXFileReference; fileEncoding = 4; lastKnownFileType = sourcecode.c.objc; name = SearchViewController.m; path = Search/SearchViewController.m; sourceTree = "<group>"; };
		C2472C711E11A9AE00C1F1BB /* Define.h */ = {isa = PBXFileReference; fileEncoding = 4; lastKnownFileType = sourcecode.c.h; name = Define.h; path = Common/Define.h; sourceTree = "<group>"; };
		C2472C721E11CCEE00C1F1BB /* Assets.xcassets */ = {isa = PBXFileReference; lastKnownFileType = folder.assetcatalog; name = Assets.xcassets; path = RepoSearch/Assets.xcassets; sourceTree = "<group>"; };
		C2472C741E11E89000C1F1BB /* menu_selected.png */ = {isa = PBXFileReference; lastKnownFileType = image.png; name = menu_selected.png; path = RepoSearch/images/view/menu_selected.png; sourceTree = "<group>"; };
		C25C6E6D1E0D7E6B00273F77 /* Base */ = {isa = PBXFileReference; lastKnownFileType = file.storyboard; name = Base; path = RepoSearch/Base.lproj/Main.storyboard; sourceTree = "<group>"; };
		C25C6E741E0D8D7300273F77 /* copy.png */ = {isa = PBXFileReference; lastKnownFileType = image.png; name = copy.png; path = RepoSearch/images/view/copy.png; sourceTree = "<group>"; };
		C25C6E751E0D8D7300273F77 /* copy_selected.png */ = {isa = PBXFileReference; lastKnownFileType = image.png; name = copy_selected.png; path = RepoSearch/images/view/copy_selected.png; sourceTree = "<group>"; };
		C25C6E761E0D8D7300273F77 /* heart.png */ = {isa = PBXFileReference; lastKnownFileType = image.png; name = heart.png; path = RepoSearch/images/view/heart.png; sourceTree = "<group>"; };
		C25C6E771E0D8D7300273F77 /* search.png */ = {isa = PBXFileReference; lastKnownFileType = image.png; name = search.png; path = RepoSearch/images/view/search.png; sourceTree = "<group>"; };
		C25C6E7C1E0D9CD400273F77 /* fav_cell.png */ = {isa = PBXFileReference; lastKnownFileType = image.png; name = fav_cell.png; path = RepoSearch/images/view/fav_cell.png; sourceTree = "<group>"; };
		C28F21BF1E0AA63600D2E135 /* RepoSearch.app */ = {isa = PBXFileReference; explicitFileType = wrapper.application; includeInIndex = 0; path = RepoSearch.app; sourceTree = BUILT_PRODUCTS_DIR; };
		C28F21C31E0AA63600D2E135 /* main.m */ = {isa = PBXFileReference; lastKnownFileType = sourcecode.c.objc; path = main.m; sourceTree = "<group>"; };
		C28F21C51E0AA63600D2E135 /* AppDelegate.h */ = {isa = PBXFileReference; lastKnownFileType = sourcecode.c.h; path = AppDelegate.h; sourceTree = "<group>"; };
		C28F21C61E0AA63600D2E135 /* AppDelegate.m */ = {isa = PBXFileReference; lastKnownFileType = sourcecode.c.objc; path = AppDelegate.m; sourceTree = "<group>"; };
		C28F21D41E0AA63600D2E135 /* Base */ = {isa = PBXFileReference; lastKnownFileType = file.storyboard; name = Base; path = Base.lproj/LaunchScreen.storyboard; sourceTree = "<group>"; };
		C28F21D61E0AA63600D2E135 /* Info.plist */ = {isa = PBXFileReference; lastKnownFileType = text.plist.xml; path = Info.plist; sourceTree = "<group>"; };
		C28F21DB1E0AA63600D2E135 /* RepoSearchTests.xctest */ = {isa = PBXFileReference; explicitFileType = wrapper.cfbundle; includeInIndex = 0; path = RepoSearchTests.xctest; sourceTree = BUILT_PRODUCTS_DIR; };
		C28F21DF1E0AA63600D2E135 /* RepoSearchTests.m */ = {isa = PBXFileReference; lastKnownFileType = sourcecode.c.objc; path = RepoSearchTests.m; sourceTree = "<group>"; };
		C28F21E11E0AA63600D2E135 /* Info.plist */ = {isa = PBXFileReference; lastKnownFileType = text.plist.xml; path = Info.plist; sourceTree = "<group>"; };
		C28F21E61E0AA63600D2E135 /* RepoSearchUITests.xctest */ = {isa = PBXFileReference; explicitFileType = wrapper.cfbundle; includeInIndex = 0; path = RepoSearchUITests.xctest; sourceTree = BUILT_PRODUCTS_DIR; };
		C28F21EA1E0AA63600D2E135 /* RepoSearchUITests.m */ = {isa = PBXFileReference; lastKnownFileType = sourcecode.c.objc; path = RepoSearchUITests.m; sourceTree = "<group>"; };
		C28F21EC1E0AA63600D2E135 /* Info.plist */ = {isa = PBXFileReference; lastKnownFileType = text.plist.xml; path = Info.plist; sourceTree = "<group>"; };
		C28F21FB1E0AA6FE00D2E135 /* icon.png */ = {isa = PBXFileReference; lastKnownFileType = image.png; name = icon.png; path = RepoSearch/images/logo/icon.png; sourceTree = "<group>"; };
		C28F21FC1E0AA6FE00D2E135 /* logo.png */ = {isa = PBXFileReference; lastKnownFileType = image.png; name = logo.png; path = RepoSearch/images/logo/logo.png; sourceTree = "<group>"; };
/* End PBXFileReference section */

/* Begin PBXFrameworksBuildPhase section */
		C28F21BC1E0AA63600D2E135 /* Frameworks */ = {
			isa = PBXFrameworksBuildPhase;
			buildActionMask = 2147483647;
			files = (
			);
			runOnlyForDeploymentPostprocessing = 0;
		};
		C28F21D81E0AA63600D2E135 /* Frameworks */ = {
			isa = PBXFrameworksBuildPhase;
			buildActionMask = 2147483647;
			files = (
			);
			runOnlyForDeploymentPostprocessing = 0;
		};
		C28F21E31E0AA63600D2E135 /* Frameworks */ = {
			isa = PBXFrameworksBuildPhase;
			buildActionMask = 2147483647;
			files = (
			);
			runOnlyForDeploymentPostprocessing = 0;
		};
/* End PBXFrameworksBuildPhase section */

/* Begin PBXGroup section */
		C2472C471E118F0B00C1F1BB /* MenuView */ = {
			isa = PBXGroup;
			children = (
				C2472C421E117F9700C1F1BB /* MenuView.h */,
				C2472C431E117F9700C1F1BB /* MenuView.m */,
				C2472C441E117F9700C1F1BB /* MenuView.xib */,
			);
			name = MenuView;
			sourceTree = "<group>";
		};
		C2472C481E118F4A00C1F1BB /* DropDownMenu */ = {
			isa = PBXGroup;
			children = (
				C2472C5A1E118FA400C1F1BB /* VisionPicker.h */,
				C2472C5B1E118FA400C1F1BB /* VisionPicker.m */,
				C2472C4C1E118F7C00C1F1BB /* downArrow.png */,
				C2472C4D1E118F7C00C1F1BB /* downArrow@2x.png */,
				C2472C4E1E118F7C00C1F1BB /* downArrow@3x.png */,
				C2472C4F1E118F7C00C1F1BB /* DownPicker.h */,
				C2472C501E118F7C00C1F1BB /* DownPicker.m */,
				C2472C511E118F7C00C1F1BB /* UIDownPicker.h */,
				C2472C521E118F7C00C1F1BB /* UIDownPicker.m */,
				C2472C491E118F6D00C1F1BB /* CboDataMODEL.h */,
				C2472C4A1E118F6D00C1F1BB /* CboDataMODEL.m */,
			);
			name = DropDownMenu;
			sourceTree = "<group>";
		};
		C2472C5D1E11A92D00C1F1BB /* Repository */ = {
			isa = PBXGroup;
			children = (
				C2472C5E1E11A94000C1F1BB /* RepoPageViewController.h */,
				C2472C5F1E11A94000C1F1BB /* RepoPageViewController.m */,
				C2472C601E11A94000C1F1BB /* RepoPageViewController.xib */,
				C2472C611E11A94000C1F1BB /* Repository.h */,
				C2472C621E11A94000C1F1BB /* Repository.m */,
			);
			name = Repository;
			sourceTree = "<group>";
		};
		C2472C661E11A98000C1F1BB /* Search */ = {
			isa = PBXGroup;
			children = (
				C2472C671E11A98C00C1F1BB /* FavoriteViewController.h */,
				C2472C681E11A98C00C1F1BB /* FavoriteViewController.m */,
				C2472C691E11A98C00C1F1BB /* ResultViewCell.h */,
				C2472C6A1E11A98C00C1F1BB /* ResultViewCell.m */,
				C2472C6B1E11A98C00C1F1BB /* SearchViewController.h */,
				C2472C6C1E11A98C00C1F1BB /* SearchViewController.m */,
			);
			name = Search;
			sourceTree = "<group>";
		};
		C2472C701E11A99600C1F1BB /* Common */ = {
			isa = PBXGroup;
			children = (
				C2472C711E11A9AE00C1F1BB /* Define.h */,
			);
			name = Common;
			sourceTree = "<group>";
		};
		C28F21B61E0AA63600D2E135 = {
			isa = PBXGroup;
			children = (
				C2472C721E11CCEE00C1F1BB /* Assets.xcassets */,
				C28F21F81E0AA6DC00D2E135 /* images */,
				C28F21C11E0AA63600D2E135 /* RepoSearch */,
				C28F21DE1E0AA63600D2E135 /* RepoSearchTests */,
				C28F21E91E0AA63600D2E135 /* RepoSearchUITests */,
				C28F21C01E0AA63600D2E135 /* Products */,
			);
			sourceTree = "<group>";
		};
		C28F21C01E0AA63600D2E135 /* Products */ = {
			isa = PBXGroup;
			children = (
				C28F21BF1E0AA63600D2E135 /* RepoSearch.app */,
				C28F21DB1E0AA63600D2E135 /* RepoSearchTests.xctest */,
				C28F21E61E0AA63600D2E135 /* RepoSearchUITests.xctest */,
			);
			name = Products;
			sourceTree = "<group>";
		};
		C28F21C11E0AA63600D2E135 /* RepoSearch */ = {
			isa = PBXGroup;
			children = (
				C2472C701E11A99600C1F1BB /* Common */,
				C2472C661E11A98000C1F1BB /* Search */,
				C2472C5D1E11A92D00C1F1BB /* Repository */,
				C2472C481E118F4A00C1F1BB /* DropDownMenu */,
				C2472C471E118F0B00C1F1BB /* MenuView */,
				C25C6E6C1E0D7E6B00273F77 /* Main.storyboard */,
				C28F21C51E0AA63600D2E135 /* AppDelegate.h */,
				C28F21C61E0AA63600D2E135 /* AppDelegate.m */,
				C28F21D31E0AA63600D2E135 /* LaunchScreen.storyboard */,
				C28F21D61E0AA63600D2E135 /* Info.plist */,
				C28F21C21E0AA63600D2E135 /* Supporting Files */,
			);
			path = RepoSearch;
			sourceTree = "<group>";
		};
		C28F21C21E0AA63600D2E135 /* Supporting Files */ = {
			isa = PBXGroup;
			children = (
				C28F21C31E0AA63600D2E135 /* main.m */,
			);
			name = "Supporting Files";
			sourceTree = "<group>";
		};
		C28F21DE1E0AA63600D2E135 /* RepoSearchTests */ = {
			isa = PBXGroup;
			children = (
				C28F21DF1E0AA63600D2E135 /* RepoSearchTests.m */,
				C28F21E11E0AA63600D2E135 /* Info.plist */,
			);
			path = RepoSearchTests;
			sourceTree = "<group>";
		};
		C28F21E91E0AA63600D2E135 /* RepoSearchUITests */ = {
			isa = PBXGroup;
			children = (
				C28F21EA1E0AA63600D2E135 /* RepoSearchUITests.m */,
				C28F21EC1E0AA63600D2E135 /* Info.plist */,
			);
			path = RepoSearchUITests;
			sourceTree = "<group>";
		};
		C28F21F81E0AA6DC00D2E135 /* images */ = {
			isa = PBXGroup;
			children = (
				C28F21FA1E0AA6EF00D2E135 /* view */,
				C28F21F91E0AA6E500D2E135 /* logo */,
			);
			name = images;
			sourceTree = "<group>";
		};
		C28F21F91E0AA6E500D2E135 /* logo */ = {
			isa = PBXGroup;
			children = (
				C28F21FB1E0AA6FE00D2E135 /* icon.png */,
				C28F21FC1E0AA6FE00D2E135 /* logo.png */,
			);
			name = logo;
			sourceTree = "<group>";
		};
		C28F21FA1E0AA6EF00D2E135 /* view */ = {
			isa = PBXGroup;
			children = (
				C2472C741E11E89000C1F1BB /* menu_selected.png */,
				C2472C3E1E11737A00C1F1BB /* menu.png */,
				C22B58A61E0DBB5700775698 /* fav_cell_selected.png */,
				C25C6E7C1E0D9CD400273F77 /* fav_cell.png */,
				C25C6E741E0D8D7300273F77 /* copy.png */,
				C25C6E751E0D8D7300273F77 /* copy_selected.png */,
				C25C6E761E0D8D7300273F77 /* heart.png */,
				C25C6E771E0D8D7300273F77 /* search.png */,
				C23C4A311E0D37B100EC22FF /* fav.png */,
				C23C4A321E0D37B100EC22FF /* fav_selected.png */,
				C23C4A2B1E0D374100EC22FF /* code.png */,
				C23C4A2D1E0D374100EC22FF /* star.png */,
				C23C4A271E0D34B300EC22FF /* fork.png */,
			);
			name = view;
			sourceTree = "<group>";
		};
/* End PBXGroup section */

/* Begin PBXNativeTarget section */
		C28F21BE1E0AA63600D2E135 /* RepoSearch */ = {
			isa = PBXNativeTarget;
			buildConfigurationList = C28F21EF1E0AA63600D2E135 /* Build configuration list for PBXNativeTarget "RepoSearch" */;
			buildPhases = (
				C28F21BB1E0AA63600D2E135 /* Sources */,
				C28F21BC1E0AA63600D2E135 /* Frameworks */,
				C28F21BD1E0AA63600D2E135 /* Resources */,
			);
			buildRules = (
			);
			dependencies = (
			);
			name = RepoSearch;
			productName = RepoSearch;
			productReference = C28F21BF1E0AA63600D2E135 /* RepoSearch.app */;
			productType = "com.apple.product-type.application";
		};
		C28F21DA1E0AA63600D2E135 /* RepoSearchTests */ = {
			isa = PBXNativeTarget;
			buildConfigurationList = C28F21F21E0AA63600D2E135 /* Build configuration list for PBXNativeTarget "RepoSearchTests" */;
			buildPhases = (
				C28F21D71E0AA63600D2E135 /* Sources */,
				C28F21D81E0AA63600D2E135 /* Frameworks */,
				C28F21D91E0AA63600D2E135 /* Resources */,
			);
			buildRules = (
			);
			dependencies = (
				C28F21DD1E0AA63600D2E135 /* PBXTargetDependency */,
			);
			name = RepoSearchTests;
			productName = RepoSearchTests;
			productReference = C28F21DB1E0AA63600D2E135 /* RepoSearchTests.xctest */;
			productType = "com.apple.product-type.bundle.unit-test";
		};
		C28F21E51E0AA63600D2E135 /* RepoSearchUITests */ = {
			isa = PBXNativeTarget;
			buildConfigurationList = C28F21F51E0AA63600D2E135 /* Build configuration list for PBXNativeTarget "RepoSearchUITests" */;
			buildPhases = (
				C28F21E21E0AA63600D2E135 /* Sources */,
				C28F21E31E0AA63600D2E135 /* Frameworks */,
				C28F21E41E0AA63600D2E135 /* Resources */,
			);
			buildRules = (
			);
			dependencies = (
				C28F21E81E0AA63600D2E135 /* PBXTargetDependency */,
			);
			name = RepoSearchUITests;
			productName = RepoSearchUITests;
			productReference = C28F21E61E0AA63600D2E135 /* RepoSearchUITests.xctest */;
			productType = "com.apple.product-type.bundle.ui-testing";
		};
/* End PBXNativeTarget section */

/* Begin PBXProject section */
		C28F21B71E0AA63600D2E135 /* Project object */ = {
			isa = PBXProject;
			attributes = {
				LastUpgradeCheck = 0810;
				ORGANIZATIONNAME = chi;
				TargetAttributes = {
					C28F21BE1E0AA63600D2E135 = {
						CreatedOnToolsVersion = 8.1;
						DevelopmentTeam = Q24YLW4VDU;
						ProvisioningStyle = Automatic;
					};
					C28F21DA1E0AA63600D2E135 = {
						CreatedOnToolsVersion = 8.1;
						DevelopmentTeam = Q24YLW4VDU;
						ProvisioningStyle = Automatic;
						TestTargetID = C28F21BE1E0AA63600D2E135;
					};
					C28F21E51E0AA63600D2E135 = {
						CreatedOnToolsVersion = 8.1;
						DevelopmentTeam = Q24YLW4VDU;
						ProvisioningStyle = Automatic;
						TestTargetID = C28F21BE1E0AA63600D2E135;
					};
				};
			};
			buildConfigurationList = C28F21BA1E0AA63600D2E135 /* Build configuration list for PBXProject "RepoSearch" */;
			compatibilityVersion = "Xcode 3.2";
			developmentRegion = English;
			hasScannedForEncodings = 0;
			knownRegions = (
				en,
				Base,
			);
			mainGroup = C28F21B61E0AA63600D2E135;
			productRefGroup = C28F21C01E0AA63600D2E135 /* Products */;
			projectDirPath = "";
			projectRoot = "";
			targets = (
				C28F21BE1E0AA63600D2E135 /* RepoSearch */,
				C28F21DA1E0AA63600D2E135 /* RepoSearchTests */,
				C28F21E51E0AA63600D2E135 /* RepoSearchUITests */,
			);
		};
/* End PBXProject section */

/* Begin PBXResourcesBuildPhase section */
		C28F21BD1E0AA63600D2E135 /* Resources */ = {
			isa = PBXResourcesBuildPhase;
			buildActionMask = 2147483647;
			files = (
				C25C6E7A1E0D8D7300273F77 /* heart.png in Resources */,
				C23C4A291E0D34B300EC22FF /* fork.png in Resources */,
				C25C6E7D1E0D9CD400273F77 /* fav_cell.png in Resources */,
				C25C6E7B1E0D8D7300273F77 /* search.png in Resources */,
				C2472C641E11A94000C1F1BB /* RepoPageViewController.xib in Resources */,
				C2472C541E118F7C00C1F1BB /* downArrow@2x.png in Resources */,
				C23C4A331E0D37B100EC22FF /* fav.png in Resources */,
				C23C4A2E1E0D374100EC22FF /* code.png in Resources */,
				C22B58A71E0DBB5700775698 /* fav_cell_selected.png in Resources */,
				C28F21FD1E0AA6FE00D2E135 /* icon.png in Resources */,
				C23C4A341E0D37B100EC22FF /* fav_selected.png in Resources */,
				C28F21FE1E0AA6FE00D2E135 /* logo.png in Resources */,
				C2472C751E11E89000C1F1BB /* menu_selected.png in Resources */,
				C2472C3F1E11737A00C1F1BB /* menu.png in Resources */,
				C25C6E781E0D8D7300273F77 /* copy.png in Resources */,
				C25C6E6E1E0D7E6B00273F77 /* Main.storyboard in Resources */,
				C28F21D51E0AA63600D2E135 /* LaunchScreen.storyboard in Resources */,
				C2472C531E118F7C00C1F1BB /* downArrow.png in Resources */,
				C2472C551E118F7C00C1F1BB /* downArrow@3x.png in Resources */,
				C2472C461E117F9700C1F1BB /* MenuView.xib in Resources */,
				C25C6E791E0D8D7300273F77 /* copy_selected.png in Resources */,
				C2472C731E11CCEE00C1F1BB /* Assets.xcassets in Resources */,
				C23C4A301E0D374100EC22FF /* star.png in Resources */,
			);
			runOnlyForDeploymentPostprocessing = 0;
		};
		C28F21D91E0AA63600D2E135 /* Resources */ = {
			isa = PBXResourcesBuildPhase;
			buildActionMask = 2147483647;
			files = (
			);
			runOnlyForDeploymentPostprocessing = 0;
		};
		C28F21E41E0AA63600D2E135 /* Resources */ = {
			isa = PBXResourcesBuildPhase;
			buildActionMask = 2147483647;
			files = (
			);
			runOnlyForDeploymentPostprocessing = 0;
		};
/* End PBXResourcesBuildPhase section */

/* Begin PBXSourcesBuildPhase section */
		C28F21BB1E0AA63600D2E135 /* Sources */ = {
			isa = PBXSourcesBuildPhase;
			buildActionMask = 2147483647;
			files = (
				C2472C6D1E11A98C00C1F1BB /* FavoriteViewController.m in Sources */,
				C28F21C71E0AA63600D2E135 /* AppDelegate.m in Sources */,
				C2472C6E1E11A98C00C1F1BB /* ResultViewCell.m in Sources */,
				C2472C4B1E118F6D00C1F1BB /* CboDataMODEL.m in Sources */,
				C2472C451E117F9700C1F1BB /* MenuView.m in Sources */,
				C2472C5C1E118FA400C1F1BB /* VisionPicker.m in Sources */,
				C2472C631E11A94000C1F1BB /* RepoPageViewController.m in Sources */,
				C2472C651E11A94000C1F1BB /* Repository.m in Sources */,
				C2472C571E118F7C00C1F1BB /* UIDownPicker.m in Sources */,
				C28F21C41E0AA63600D2E135 /* main.m in Sources */,
				C2472C6F1E11A98C00C1F1BB /* SearchViewController.m in Sources */,
				C2472C561E118F7C00C1F1BB /* DownPicker.m in Sources */,
			);
			runOnlyForDeploymentPostprocessing = 0;
		};
		C28F21D71E0AA63600D2E135 /* Sources */ = {
			isa = PBXSourcesBuildPhase;
			buildActionMask = 2147483647;
			files = (
				C28F21E01E0AA63600D2E135 /* RepoSearchTests.m in Sources */,
			);
			runOnlyForDeploymentPostprocessing = 0;
		};
		C28F21E21E0AA63600D2E135 /* Sources */ = {
			isa = PBXSourcesBuildPhase;
			buildActionMask = 2147483647;
			files = (
				C28F21EB1E0AA63600D2E135 /* RepoSearchUITests.m in Sources */,
			);
			runOnlyForDeploymentPostprocessing = 0;
		};
/* End PBXSourcesBuildPhase section */

/* Begin PBXTargetDependency section */
		C28F21DD1E0AA63600D2E135 /* PBXTargetDependency */ = {
			isa = PBXTargetDependency;
			target = C28F21BE1E0AA63600D2E135 /* RepoSearch */;
			targetProxy = C28F21DC1E0AA63600D2E135 /* PBXContainerItemProxy */;
		};
		C28F21E81E0AA63600D2E135 /* PBXTargetDependency */ = {
			isa = PBXTargetDependency;
			target = C28F21BE1E0AA63600D2E135 /* RepoSearch */;
			targetProxy = C28F21E71E0AA63600D2E135 /* PBXContainerItemProxy */;
		};
/* End PBXTargetDependency section */

/* Begin PBXVariantGroup section */
		C25C6E6C1E0D7E6B00273F77 /* Main.storyboard */ = {
			isa = PBXVariantGroup;
			children = (
				C25C6E6D1E0D7E6B00273F77 /* Base */,
			);
			name = Main.storyboard;
			path = ..;
			sourceTree = "<group>";
		};
		C28F21D31E0AA63600D2E135 /* LaunchScreen.storyboard */ = {
			isa = PBXVariantGroup;
			children = (
				C28F21D41E0AA63600D2E135 /* Base */,
			);
			name = LaunchScreen.storyboard;
			sourceTree = "<group>";
		};
/* End PBXVariantGroup section */

/* Begin XCBuildConfiguration section */
		C28F21ED1E0AA63600D2E135 /* Debug */ = {
			isa = XCBuildConfiguration;
			buildSettings = {
				ALWAYS_SEARCH_USER_PATHS = NO;
				CLANG_ANALYZER_NONNULL = YES;
				CLANG_CXX_LANGUAGE_STANDARD = "gnu++0x";
				CLANG_CXX_LIBRARY = "libc++";
				CLANG_ENABLE_MODULES = YES;
				CLANG_ENABLE_OBJC_ARC = YES;
				CLANG_WARN_BOOL_CONVERSION = YES;
				CLANG_WARN_CONSTANT_CONVERSION = YES;
				CLANG_WARN_DIRECT_OBJC_ISA_USAGE = YES_ERROR;
				CLANG_WARN_DOCUMENTATION_COMMENTS = YES;
				CLANG_WARN_EMPTY_BODY = YES;
				CLANG_WARN_ENUM_CONVERSION = YES;
				CLANG_WARN_INFINITE_RECURSION = YES;
				CLANG_WARN_INT_CONVERSION = YES;
				CLANG_WARN_OBJC_ROOT_CLASS = YES_ERROR;
				CLANG_WARN_SUSPICIOUS_MOVES = YES;
				CLANG_WARN_UNREACHABLE_CODE = YES;
				CLANG_WARN__DUPLICATE_METHOD_MATCH = YES;
				"CODE_SIGN_IDENTITY[sdk=iphoneos*]" = "iPhone Developer";
				COPY_PHASE_STRIP = NO;
				DEBUG_INFORMATION_FORMAT = dwarf;
				ENABLE_STRICT_OBJC_MSGSEND = YES;
				ENABLE_TESTABILITY = YES;
				GCC_C_LANGUAGE_STANDARD = gnu99;
				GCC_DYNAMIC_NO_PIC = NO;
				GCC_NO_COMMON_BLOCKS = YES;
				GCC_OPTIMIZATION_LEVEL = 0;
				GCC_PREPROCESSOR_DEFINITIONS = (
					"DEBUG=1",
					"$(inherited)",
				);
				GCC_WARN_64_TO_32_BIT_CONVERSION = YES;
				GCC_WARN_ABOUT_RETURN_TYPE = YES_ERROR;
				GCC_WARN_UNDECLARED_SELECTOR = YES;
				GCC_WARN_UNINITIALIZED_AUTOS = YES_AGGRESSIVE;
				GCC_WARN_UNUSED_FUNCTION = YES;
				GCC_WARN_UNUSED_VARIABLE = YES;
				IPHONEOS_DEPLOYMENT_TARGET = 10.0;
				MTL_ENABLE_DEBUG_INFO = YES;
				ONLY_ACTIVE_ARCH = YES;
				SDKROOT = iphoneos;
				TARGETED_DEVICE_FAMILY = "1,2";
			};
			name = Debug;
		};
		C28F21EE1E0AA63600D2E135 /* Release */ = {
			isa = XCBuildConfiguration;
			buildSettings = {
				ALWAYS_SEARCH_USER_PATHS = NO;
				CLANG_ANALYZER_NONNULL = YES;
				CLANG_CXX_LANGUAGE_STANDARD = "gnu++0x";
				CLANG_CXX_LIBRARY = "libc++";
				CLANG_ENABLE_MODULES = YES;
				CLANG_ENABLE_OBJC_ARC = YES;
				CLANG_WARN_BOOL_CONVERSION = YES;
				CLANG_WARN_CONSTANT_CONVERSION = YES;
				CLANG_WARN_DIRECT_OBJC_ISA_USAGE = YES_ERROR;
				CLANG_WARN_DOCUMENTATION_COMMENTS = YES;
				CLANG_WARN_EMPTY_BODY = YES;
				CLANG_WARN_ENUM_CONVERSION = YES;
				CLANG_WARN_INFINITE_RECURSION = YES;
				CLANG_WARN_INT_CONVERSION = YES;
				CLANG_WARN_OBJC_ROOT_CLASS = YES_ERROR;
				CLANG_WARN_SUSPICIOUS_MOVES = YES;
				CLANG_WARN_UNREACHABLE_CODE = YES;
				CLANG_WARN__DUPLICATE_METHOD_MATCH = YES;
				"CODE_SIGN_IDENTITY[sdk=iphoneos*]" = "iPhone Developer";
				COPY_PHASE_STRIP = NO;
				DEBUG_INFORMATION_FORMAT = "dwarf-with-dsym";
				ENABLE_NS_ASSERTIONS = NO;
				ENABLE_STRICT_OBJC_MSGSEND = YES;
				GCC_C_LANGUAGE_STANDARD = gnu99;
				GCC_NO_COMMON_BLOCKS = YES;
				GCC_WARN_64_TO_32_BIT_CONVERSION = YES;
				GCC_WARN_ABOUT_RETURN_TYPE = YES_ERROR;
				GCC_WARN_UNDECLARED_SELECTOR = YES;
				GCC_WARN_UNINITIALIZED_AUTOS = YES_AGGRESSIVE;
				GCC_WARN_UNUSED_FUNCTION = YES;
				GCC_WARN_UNUSED_VARIABLE = YES;
				IPHONEOS_DEPLOYMENT_TARGET = 10.0;
				MTL_ENABLE_DEBUG_INFO = NO;
				SDKROOT = iphoneos;
				TARGETED_DEVICE_FAMILY = "1,2";
				VALIDATE_PRODUCT = YES;
			};
			name = Release;
		};
		C28F21F01E0AA63600D2E135 /* Debug */ = {
			isa = XCBuildConfiguration;
			buildSettings = {
				DEVELOPMENT_TEAM = Q24YLW4VDU;
				INFOPLIST_FILE = RepoSearch/Info.plist;
				IPHONEOS_DEPLOYMENT_TARGET = 10.0;
				LD_RUNPATH_SEARCH_PATHS = "$(inherited) @executable_path/Frameworks";
				PRODUCT_BUNDLE_IDENTIFIER = com.chi.RepoSearch;
				PRODUCT_NAME = "$(TARGET_NAME)";
			};
			name = Debug;
		};
		C28F21F11E0AA63600D2E135 /* Release */ = {
			isa = XCBuildConfiguration;
			buildSettings = {
				DEVELOPMENT_TEAM = Q24YLW4VDU;
				INFOPLIST_FILE = RepoSearch/Info.plist;
				IPHONEOS_DEPLOYMENT_TARGET = 10.0;
				LD_RUNPATH_SEARCH_PATHS = "$(inherited) @executable_path/Frameworks";
				PRODUCT_BUNDLE_IDENTIFIER = com.chi.RepoSearch;
				PRODUCT_NAME = "$(TARGET_NAME)";
			};
			name = Release;
		};
		C28F21F31E0AA63600D2E135 /* Debug */ = {
			isa = XCBuildConfiguration;
			buildSettings = {
				BUNDLE_LOADER = "$(TEST_HOST)";
				DEVELOPMENT_TEAM = Q24YLW4VDU;
				INFOPLIST_FILE = RepoSearchTests/Info.plist;
				LD_RUNPATH_SEARCH_PATHS = "$(inherited) @executable_path/Frameworks @loader_path/Frameworks";
				PRODUCT_BUNDLE_IDENTIFIER = com.chi.RepoSearchTests;
				PRODUCT_NAME = "$(TARGET_NAME)";
				TEST_HOST = "$(BUILT_PRODUCTS_DIR)/RepoSearch.app/RepoSearch";
			};
			name = Debug;
		};
		C28F21F41E0AA63600D2E135 /* Release */ = {
			isa = XCBuildConfiguration;
			buildSettings = {
				BUNDLE_LOADER = "$(TEST_HOST)";
				DEVELOPMENT_TEAM = Q24YLW4VDU;
				INFOPLIST_FILE = RepoSearchTests/Info.plist;
				LD_RUNPATH_SEARCH_PATHS = "$(inherited) @executable_path/Frameworks @loader_path/Frameworks";
				PRODUCT_BUNDLE_IDENTIFIER = com.chi.RepoSearchTests;
				PRODUCT_NAME = "$(TARGET_NAME)";
				TEST_HOST = "$(BUILT_PRODUCTS_DIR)/RepoSearch.app/RepoSearch";
			};
			name = Release;
		};
		C28F21F61E0AA63600D2E135 /* Debug */ = {
			isa = XCBuildConfiguration;
			buildSettings = {
				DEVELOPMENT_TEAM = Q24YLW4VDU;
				INFOPLIST_FILE = RepoSearchUITests/Info.plist;
				LD_RUNPATH_SEARCH_PATHS = "$(inherited) @executable_path/Frameworks @loader_path/Frameworks";
				PRODUCT_BUNDLE_IDENTIFIER = com.chi.RepoSearchUITests;
				PRODUCT_NAME = "$(TARGET_NAME)";
				TEST_TARGET_NAME = RepoSearch;
			};
			name = Debug;
		};
		C28F21F71E0AA63600D2E135 /* Release */ = {
			isa = XCBuildConfiguration;
			buildSettings = {
				DEVELOPMENT_TEAM = Q24YLW4VDU;
				INFOPLIST_FILE = RepoSearchUITests/Info.plist;
				LD_RUNPATH_SEARCH_PATHS = "$(inherited) @executable_path/Frameworks @loader_path/Frameworks";
				PRODUCT_BUNDLE_IDENTIFIER = com.chi.RepoSearchUITests;
				PRODUCT_NAME = "$(TARGET_NAME)";
				TEST_TARGET_NAME = RepoSearch;
			};
			name = Release;
		};
/* End XCBuildConfiguration section */

/* Begin XCConfigurationList section */
		C28F21BA1E0AA63600D2E135 /* Build configuration list for PBXProject "RepoSearch" */ = {
			isa = XCConfigurationList;
			buildConfigurations = (
				C28F21ED1E0AA63600D2E135 /* Debug */,
				C28F21EE1E0AA63600D2E135 /* Release */,
			);
			defaultConfigurationIsVisible = 0;
			defaultConfigurationName = Release;
		};
		C28F21EF1E0AA63600D2E135 /* Build configuration list for PBXNativeTarget "RepoSearch" */ = {
			isa = XCConfigurationList;
			buildConfigurations = (
				C28F21F01E0AA63600D2E135 /* Debug */,
				C28F21F11E0AA63600D2E135 /* Release */,
			);
			defaultConfigurationIsVisible = 0;
			defaultConfigurationName = Release;
		};
		C28F21F21E0AA63600D2E135 /* Build configuration list for PBXNativeTarget "RepoSearchTests" */ = {
			isa = XCConfigurationList;
			buildConfigurations = (
				C28F21F31E0AA63600D2E135 /* Debug */,
				C28F21F41E0AA63600D2E135 /* Release */,
			);
			defaultConfigurationIsVisible = 0;
			defaultConfigurationName = Release;
		};
		C28F21F51E0AA63600D2E135 /* Build configuration list for PBXNativeTarget "RepoSearchUITests" */ = {
			isa = XCConfigurationList;
			buildConfigurations = (
				C28F21F61E0AA63600D2E135 /* Debug */,
				C28F21F71E0AA63600D2E135 /* Release */,
			);
			defaultConfigurationIsVisible = 0;
			defaultConfigurationName = Release;
		};
/* End XCConfigurationList section */
	};
	rootObject = C28F21B71E0AA63600D2E135 /* Project object */;
}
